
Microsoft Visual Studio Solution File, Format Version 11.00
# Visual Studio 2010
Project("{FAE04EC0-301F-11D3-BF4B-00C04F79EFBC}") = "ControlesMS", "ControlesMS\ControlesMS.csproj", "{EEFBFAD6-D652-4982-B6A2-7760367E7C61}"
EndProject
Project("{FAE04EC0-301F-11D3-BF4B-00C04F79EFBC}") = "CapaNegocio", "CapaNegocio\CapaNegocio.csproj", "{E6BEA166-AA6E-4D2C-90CC-C12062C7BEA9}"
EndProject
Project("{FAE04EC0-301F-11D3-BF4B-00C04F79EFBC}") = "CapaEntidad", "CapaEntidad\CapaEntidad.csproj", "{E8C14E1A-628D-4C3F-A138-406E18750F32}"
EndProject
Project("{FAE04EC0-301F-11D3-BF4B-00C04F79EFBC}") = "CapaDatos", "CapaDatos\CapaDatos.csproj", "{45544C2D-2238-4AA1-A52D-250251964ACB}"
EndProject
Project("{FAE04EC0-301F-11D3-BF4B-00C04F79EFBC}") = "CapaPresentacion", "CapaPresentacion\CapaPresentacion.csproj", "{907B84C5-7C5B-4D3B-B86E-FED9E3C3997B}"
EndProject
Global
	GlobalSection(SolutionConfigurationPlatforms) = preSolution
		Debug|Any CPU = Debug|Any CPU
		Debug|Mixed Platforms = Debug|Mixed Platforms
		Debug|x86 = Debug|x86
		Release|Any CPU = Release|Any CPU
		Release|Mixed Platforms = Release|Mixed Platforms
		Release|x86 = Release|x86
	EndGlobalSection
	GlobalSection(ProjectConfigurationPlatforms) = postSolution
		{EEFBFAD6-D652-4982-B6A2-7760367E7C61}.Debug|Any CPU.ActiveCfg = Debug|Any CPU
		{EEFBFAD6-D652-4982-B6A2-7760367E7C61}.Debug|Any CPU.Build.0 = Debug|Any CPU
		{EEFBFAD6-D652-4982-B6A2-7760367E7C61}.Debug|Mixed Platforms.ActiveCfg = Debug|Any CPU
		{EEFBFAD6-D652-4982-B6A2-7760367E7C61}.Debug|Mixed Platforms.Build.0 = Debug|Any CPU
		{EEFBFAD6-D652-4982-B6A2-7760367E7C61}.Debug|x86.ActiveCfg = Debug|Any CPU
		{EEFBFAD6-D652-4982-B6A2-7760367E7C61}.Release|Any CPU.ActiveCfg = Release|Any CPU
		{EEFBFAD6-D652-4982-B6A2-7760367E7C61}.Release|Any CPU.Build.0 = Release|Any CPU
		{EEFBFAD6-D652-4982-B6A2-7760367E7C61}.Release|Mixed Platforms.ActiveCfg = Release|Any CPU
		{EEFBFAD6-D652-4982-B6A2-7760367E7C61}.Release|Mixed Platforms.Build.0 = Release|Any CPU
		{EEFBFAD6-D652-4982-B6A2-7760367E7C61}.Release|x86.ActiveCfg = Release|Any CPU
		{E6BEA166-AA6E-4D2C-90CC-C12062C7BEA9}.Debug|Any CPU.ActiveCfg = Debug|Any CPU
		{E6BEA166-AA6E-4D2C-90CC-C12062C7BEA9}.Debug|Any CPU.Build.0 = Debug|Any CPU
		{E6BEA166-AA6E-4D2C-90CC-C12062C7BEA9}.Debug|Mixed Platforms.ActiveCfg = Debug|Any CPU
		{E6BEA166-AA6E-4D2C-90CC-C12062C7BEA9}.Debug|Mixed Platforms.Build.0 = Debug|Any CPU
		{E6BEA166-AA6E-4D2C-90CC-C12062C7BEA9}.Debug|x86.ActiveCfg = Debug|Any CPU
		{E6BEA166-AA6E-4D2C-90CC-C12062C7BEA9}.Release|Any CPU.ActiveCfg = Release|Any CPU
		{E6BEA166-AA6E-4D2C-90CC-C12062C7BEA9}.Release|Any CPU.Build.0 = Release|Any CPU
		{E6BEA166-AA6E-4D2C-90CC-C12062C7BEA9}.Release|Mixed Platforms.ActiveCfg = Release|Any CPU
		{E6BEA166-AA6E-4D2C-90CC-C12062C7BEA9}.Release|Mixed Platforms.Build.0 = Release|Any CPU
		{E6BEA166-AA6E-4D2C-90CC-C12062C7BEA9}.Release|x86.ActiveCfg = Release|Any CPU
		{E8C14E1A-628D-4C3F-A138-406E18750F32}.Debug|Any CPU.ActiveCfg = Debug|Any CPU
		{E8C14E1A-628D-4C3F-A138-406E18750F32}.Debug|Any CPU.Build.0 = Debug|Any CPU
		{E8C14E1A-628D-4C3F-A138-406E18750F32}.Debug|Mixed Platforms.ActiveCfg = Debug|Any CPU
		{E8C14E1A-628D-4C3F-A138-406E18750F32}.Debug|Mixed Platforms.Build.0 = Debug|Any CPU
		{E8C14E1A-628D-4C3F-A138-406E18750F32}.Debug|x86.ActiveCfg = Debug|Any CPU
		{E8C14E1A-628D-4C3F-A138-406E18750F32}.Release|Any CPU.ActiveCfg = Release|Any CPU
		{E8C14E1A-628D-4C3F-A138-406E18750F32}.Release|Any CPU.Build.0 = Release|Any CPU
		{E8C14E1A-628D-4C3F-A138-406E18750F32}.Release|Mixed Platforms.ActiveCfg = Release|Any CPU
		{E8C14E1A-628D-4C3F-A138-406E18750F32}.Release|Mixed Platforms.Build.0 = Release|Any CPU
		{E8C14E1A-628D-4C3F-A138-406E18750F32}.Release|x86.ActiveCfg = Release|Any CPU
		{45544C2D-2238-4AA1-A52D-250251964ACB}.Debug|Any CPU.ActiveCfg = Debug|Any CPU
		{45544C2D-2238-4AA1-A52D-250251964ACB}.Debug|Any CPU.Build.0 = Debug|Any CPU
		{45544C2D-2238-4AA1-A52D-250251964ACB}.Debug|Mixed Platforms.ActiveCfg = Debug|Any CPU
		{45544C2D-2238-4AA1-A52D-250251964ACB}.Debug|Mixed Platforms.Build.0 = Debug|Any CPU
		{45544C2D-2238-4AA1-A52D-250251964ACB}.Debug|x86.ActiveCfg = Debug|Any CPU
		{45544C2D-2238-4AA1-A52D-250251964ACB}.Release|Any CPU.ActiveCfg = Release|Any CPU
		{45544C2D-2238-4AA1-A52D-250251964ACB}.Release|Any CPU.Build.0 = Release|Any CPU
		{45544C2D-2238-4AA1-A52D-250251964ACB}.Release|Mixed Platforms.ActiveCfg = Release|Any CPU
		{45544C2D-2238-4AA1-A52D-250251964ACB}.Release|Mixed Platforms.Build.0 = Release|Any CPU
		{45544C2D-2238-4AA1-A52D-250251964ACB}.Release|x86.ActiveCfg = Release|Any CPU
		{907B84C5-7C5B-4D3B-B86E-FED9E3C3997B}.Debug|Any CPU.ActiveCfg = Debug|x86
		{907B84C5-7C5B-4D3B-B86E-FED9E3C3997B}.Debug|Mixed Platforms.ActiveCfg = Debug|x86
		{907B84C5-7C5B-4D3B-B86E-FED9E3C3997B}.Debug|Mixed Platforms.Build.0 = Debug|x86
		{907B84C5-7C5B-4D3B-B86E-FED9E3C3997B}.Debug|x86.ActiveCfg = Debug|x86
		{907B84C5-7C5B-4D3B-B86E-FED9E3C3997B}.Debug|x86.Build.0 = Debug|x86
		{907B84C5-7C5B-4D3B-B86E-FED9E3C3997B}.Release|Any CPU.ActiveCfg = Release|x86
		{907B84C5-7C5B-4D3B-B86E-FED9E3C3997B}.Release|Mixed Platforms.ActiveCfg = Release|x86
		{907B84C5-7C5B-4D3B-B86E-FED9E3C3997B}.Release|Mixed Platforms.Build.0 = Release|x86
		{907B84C5-7C5B-4D3B-B86E-FED9E3C3997B}.Release|x86.ActiveCfg = Release|x86
		{907B84C5-7C5B-4D3B-B86E-FED9E3C3997B}.Release|x86.Build.0 = Release|x86
	EndGlobalSection
	GlobalSection(SolutionProperties) = preSolution
		HideSolutionNode = FALSE
	EndGlobalSection
EndGlobal
